// !$*UTF8*$!
{
	archiveVersion = 1;
	classes = {
	};
	objectVersion = 50;
	objects = {

/* Begin PBXBuildFile section */
		70F95F432567E03E005BA5DB /* AppDelegate.swift in Sources */ = {isa = PBXBuildFile; fileRef = 70F95F422567E03E005BA5DB /* AppDelegate.swift */; };
		70F95F452567E03E005BA5DB /* art.scnassets in Resources */ = {isa = PBXBuildFile; fileRef = 70F95F442567E03E005BA5DB /* art.scnassets */; };
		70F95F472567E03E005BA5DB /* ViewController.swift in Sources */ = {isa = PBXBuildFile; fileRef = 70F95F462567E03E005BA5DB /* ViewController.swift */; };
		70F95F4A2567E03E005BA5DB /* Main.storyboard in Resources */ = {isa = PBXBuildFile; fileRef = 70F95F482567E03E005BA5DB /* Main.storyboard */; };
		70F95F4C2567E040005BA5DB /* Assets.xcassets in Resources */ = {isa = PBXBuildFile; fileRef = 70F95F4B2567E040005BA5DB /* Assets.xcassets */; };
		70F95F4F2567E040005BA5DB /* LaunchScreen.storyboard in Resources */ = {isa = PBXBuildFile; fileRef = 70F95F4D2567E040005BA5DB /* LaunchScreen.storyboard */; };
		70F95F5A2567E040005BA5DB /* SmileTests.swift in Sources */ = {isa = PBXBuildFile; fileRef = 70F95F592567E040005BA5DB /* SmileTests.swift */; };
		70F95F652567E040005BA5DB /* SmileUITests.swift in Sources */ = {isa = PBXBuildFile; fileRef = 70F95F642567E040005BA5DB /* SmileUITests.swift */; };
		70F95F762567E90B005BA5DB /* SmileImageClassifier 1.mlmodel in Sources */ = {isa = PBXBuildFile; fileRef = 70F95F752567E90B005BA5DB /* SmileImageClassifier 1.mlmodel */; };
/* End PBXBuildFile section */

/* Begin PBXContainerItemProxy section */
		70F95F562567E040005BA5DB /* PBXContainerItemProxy */ = {
			isa = PBXContainerItemProxy;
			containerPortal = 70F95F372567E03E005BA5DB /* Project object */;
			proxyType = 1;
			remoteGlobalIDString = 70F95F3E2567E03E005BA5DB;
			remoteInfo = Smile;
		};
		70F95F612567E040005BA5DB /* PBXContainerItemProxy */ = {
			isa = PBXContainerItemProxy;
			containerPortal = 70F95F372567E03E005BA5DB /* Project object */;
			proxyType = 1;
			remoteGlobalIDString = 70F95F3E2567E03E005BA5DB;
			remoteInfo = Smile;
		};
/* End PBXContainerItemProxy section */

/* Begin PBXFileReference section */
		70F95F3F2567E03E005BA5DB /* Smile.app */ = {isa = PBXFileReference; explicitFileType = wrapper.application; includeInIndex = 0; path = Smile.app; sourceTree = BUILT_PRODUCTS_DIR; };
		70F95F422567E03E005BA5DB /* AppDelegate.swift */ = {isa = PBXFileReference; lastKnownFileType = sourcecode.swift; path = AppDelegate.swift; sourceTree = "<group>"; };
		70F95F442567E03E005BA5DB /* art.scnassets */ = {isa = PBXFileReference; lastKnownFileType = wrapper.scnassets; path = art.scnassets; sourceTree = "<group>"; };
		70F95F462567E03E005BA5DB /* ViewController.swift */ = {isa = PBXFileReference; lastKnownFileType = sourcecode.swift; path = ViewController.swift; sourceTree = "<group>"; };
		70F95F492567E03E005BA5DB /* Base */ = {isa = PBXFileReference; lastKnownFileType = file.storyboard; name = Base; path = Base.lproj/Main.storyboard; sourceTree = "<group>"; };
		70F95F4B2567E040005BA5DB /* Assets.xcassets */ = {isa = PBXFileReference; lastKnownFileType = folder.assetcatalog; path = Assets.xcassets; sourceTree = "<group>"; };
		70F95F4E2567E040005BA5DB /* Base */ = {isa = PBXFileReference; lastKnownFileType = file.storyboard; name = Base; path = Base.lproj/LaunchScreen.storyboard; sourceTree = "<group>"; };
		70F95F502567E040005BA5DB /* Info.plist */ = {isa = PBXFileReference; lastKnownFileType = text.plist.xml; path = Info.plist; sourceTree = "<group>"; };
		70F95F552567E040005BA5DB /* SmileTests.xctest */ = {isa = PBXFileReference; explicitFileType = wrapper.cfbundle; includeInIndex = 0; path = SmileTests.xctest; sourceTree = BUILT_PRODUCTS_DIR; };
		70F95F592567E040005BA5DB /* SmileTests.swift */ = {isa = PBXFileReference; lastKnownFileType = sourcecode.swift; path = SmileTests.swift; sourceTree = "<group>"; };
		70F95F5B2567E040005BA5DB /* Info.plist */ = {isa = PBXFileReference; lastKnownFileType = text.plist.xml; path = Info.plist; sourceTree = "<group>"; };
		70F95F602567E040005BA5DB /* SmileUITests.xctest */ = {isa = PBXFileReference; explicitFileType = wrapper.cfbundle; includeInIndex = 0; path = SmileUITests.xctest; sourceTree = BUILT_PRODUCTS_DIR; };
		70F95F642567E040005BA5DB /* SmileUITests.swift */ = {isa = PBXFileReference; lastKnownFileType = sourcecode.swift; path = SmileUITests.swift; sourceTree = "<group>"; };
		70F95F662567E040005BA5DB /* Info.plist */ = {isa = PBXFileReference; lastKnownFileType = text.plist.xml; path = Info.plist; sourceTree = "<group>"; };
		70F95F752567E90B005BA5DB /* SmileImageClassifier 1.mlmodel */ = {isa = PBXFileReference; lastKnownFileType = file.mlmodel; name = "SmileImageClassifier 1.mlmodel"; path = "../../../SmileImageClassifier 1.mlmodel"; sourceTree = "<group>"; };
/* End PBXFileReference section */

/* Begin PBXFrameworksBuildPhase section */
		70F95F3C2567E03E005BA5DB /* Frameworks */ = {
			isa = PBXFrameworksBuildPhase;
			buildActionMask = 2147483647;
			files = (
			);
			runOnlyForDeploymentPostprocessing = 0;
		};
		70F95F522567E040005BA5DB /* Frameworks */ = {
			isa = PBXFrameworksBuildPhase;
			buildActionMask = 2147483647;
			files = (
			);
			runOnlyForDeploymentPostprocessing = 0;
		};
		70F95F5D2567E040005BA5DB /* Frameworks */ = {
			isa = PBXFrameworksBuildPhase;
			buildActionMask = 2147483647;
			files = (
			);
			runOnlyForDeploymentPostprocessing = 0;
		};
/* End PBXFrameworksBuildPhase section */

/* Begin PBXGroup section */
		70F95F362567E03E005BA5DB = {
			isa = PBXGroup;
			children = (
				70F95F412567E03E005BA5DB /* Smile */,
				70F95F582567E040005BA5DB /* SmileTests */,
				70F95F632567E040005BA5DB /* SmileUITests */,
				70F95F402567E03E005BA5DB /* Products */,
			);
			sourceTree = "<group>";
		};
		70F95F402567E03E005BA5DB /* Products */ = {
			isa = PBXGroup;
			children = (
				70F95F3F2567E03E005BA5DB /* Smile.app */,
				70F95F552567E040005BA5DB /* SmileTests.xctest */,
				70F95F602567E040005BA5DB /* SmileUITests.xctest */,
			);
			name = Products;
			sourceTree = "<group>";
		};
		70F95F412567E03E005BA5DB /* Smile */ = {
			isa = PBXGroup;
			children = (
				70F95F422567E03E005BA5DB /* AppDelegate.swift */,
				70F95F442567E03E005BA5DB /* art.scnassets */,
				70F95F462567E03E005BA5DB /* ViewController.swift */,
				70F95F482567E03E005BA5DB /* Main.storyboard */,
				70F95F752567E90B005BA5DB /* SmileImageClassifier 1.mlmodel */,
				70F95F4B2567E040005BA5DB /* Assets.xcassets */,
				70F95F4D2567E040005BA5DB /* LaunchScreen.storyboard */,
				70F95F502567E040005BA5DB /* Info.plist */,
			);
			path = Smile;
			sourceTree = "<group>";
		};
		70F95F582567E040005BA5DB /* SmileTests */ = {
			isa = PBXGroup;
			children = (
				70F95F592567E040005BA5DB /* SmileTests.swift */,
				70F95F5B2567E040005BA5DB /* Info.plist */,
			);
			path = SmileTests;
			sourceTree = "<group>";
		};
		70F95F632567E040005BA5DB /* SmileUITests */ = {
			isa = PBXGroup;
			children = (
				70F95F642567E040005BA5DB /* SmileUITests.swift */,
				70F95F662567E040005BA5DB /* Info.plist */,
			);
			path = SmileUITests;
			sourceTree = "<group>";
		};
/* End PBXGroup section */

/* Begin PBXNativeTarget section */
		70F95F3E2567E03E005BA5DB /* Smile */ = {
			isa = PBXNativeTarget;
			buildConfigurationList = 70F95F692567E040005BA5DB /* Build configuration list for PBXNativeTarget "Smile" */;
			buildPhases = (
				70F95F3B2567E03E005BA5DB /* Sources */,
				70F95F3C2567E03E005BA5DB /* Frameworks */,
				70F95F3D2567E03E005BA5DB /* Resources */,
			);
			buildRules = (
			);
			dependencies = (
			);
			name = Smile;
			productName = Smile;
			productReference = 70F95F3F2567E03E005BA5DB /* Smile.app */;
			productType = "com.apple.product-type.application";
		};
		70F95F542567E040005BA5DB /* SmileTests */ = {
			isa = PBXNativeTarget;
			buildConfigurationList = 70F95F6C2567E040005BA5DB /* Build configuration list for PBXNativeTarget "SmileTests" */;
			buildPhases = (
				70F95F512567E040005BA5DB /* Sources */,
				70F95F522567E040005BA5DB /* Frameworks */,
				70F95F532567E040005BA5DB /* Resources */,
			);
			buildRules = (
			);
			dependencies = (
				70F95F572567E040005BA5DB /* PBXTargetDependency */,
			);
			name = SmileTests;
			productName = SmileTests;
			productReference = 70F95F552567E040005BA5DB /* SmileTests.xctest */;
			productType = "com.apple.product-type.bundle.unit-test";
		};
		70F95F5F2567E040005BA5DB /* SmileUITests */ = {
			isa = PBXNativeTarget;
			buildConfigurationList = 70F95F6F2567E040005BA5DB /* Build configuration list for PBXNativeTarget "SmileUITests" */;
			buildPhases = (
				70F95F5C2567E040005BA5DB /* Sources */,
				70F95F5D2567E040005BA5DB /* Frameworks */,
				70F95F5E2567E040005BA5DB /* Resources */,
			);
			buildRules = (
			);
			dependencies = (
				70F95F622567E040005BA5DB /* PBXTargetDependency */,
			);
			name = SmileUITests;
			productName = SmileUITests;
			productReference = 70F95F602567E040005BA5DB /* SmileUITests.xctest */;
			productType = "com.apple.product-type.bundle.ui-testing";
		};
/* End PBXNativeTarget section */

/* Begin PBXProject section */
		70F95F372567E03E005BA5DB /* Project object */ = {
			isa = PBXProject;
			attributes = {
				LastSwiftUpdateCheck = 1230;
				LastUpgradeCheck = 1230;
				TargetAttributes = {
					70F95F3E2567E03E005BA5DB = {
						CreatedOnToolsVersion = 12.3;
					};
					70F95F542567E040005BA5DB = {
						CreatedOnToolsVersion = 12.3;
						TestTargetID = 70F95F3E2567E03E005BA5DB;
					};
					70F95F5F2567E040005BA5DB = {
						CreatedOnToolsVersion = 12.3;
						TestTargetID = 70F95F3E2567E03E005BA5DB;
					};
				};
			};
			buildConfigurationList = 70F95F3A2567E03E005BA5DB /* Build configuration list for PBXProject "Smile" */;
			compatibilityVersion = "Xcode 9.3";
			developmentRegion = en;
			hasScannedForEncodings = 0;
			knownRegions = (
				en,
				Base,
			);
			mainGroup = 70F95F362567E03E005BA5DB;
			productRefGroup = 70F95F402567E03E005BA5DB /* Products */;
			projectDirPath = "";
			projectRoot = "";
			targets = (
				70F95F3E2567E03E005BA5DB /* Smile */,
				70F95F542567E040005BA5DB /* SmileTests */,
				70F95F5F2567E040005BA5DB /* SmileUITests */,
			);
		};
/* End PBXProject section */

/* Begin PBXResourcesBuildPhase section */
		70F95F3D2567E03E005BA5DB /* Resources */ = {
			isa = PBXResourcesBuildPhase;
			buildActionMask = 2147483647;
			files = (
				70F95F452567E03E005BA5DB /* art.scnassets in Resources */,
				70F95F4F2567E040005BA5DB /* LaunchScreen.storyboard in Resources */,
				70F95F4C2567E040005BA5DB /* Assets.xcassets in Resources */,
				70F95F4A2567E03E005BA5DB /* Main.storyboard in Resources */,
			);
			runOnlyForDeploymentPostprocessing = 0;
		};
		70F95F532567E040005BA5DB /* Resources */ = {
			isa = PBXResourcesBuildPhase;
			buildActionMask = 2147483647;
			files = (
			);
			runOnlyForDeploymentPostprocessing = 0;
		};
		70F95F5E2567E040005BA5DB /* Resources */ = {
			isa = PBXResourcesBuildPhase;
			buildActionMask = 2147483647;
			files = (
			);
			runOnlyForDeploymentPostprocessing = 0;
		};
/* End PBXResourcesBuildPhase section */

/* Begin PBXSourcesBuildPhase section */
		70F95F3B2567E03E005BA5DB /* Sources */ = {
			isa = PBXSourcesBuildPhase;
			buildActionMask = 2147483647;
			files = (
				70F95F762567E90B005BA5DB /* SmileImageClassifier 1.mlmodel in Sources */,
				70F95F472567E03E005BA5DB /* ViewController.swift in Sources */,
				70F95F432567E03E005BA5DB /* AppDelegate.swift in Sources */,
			);
			runOnlyForDeploymentPostprocessing = 0;
		};
		70F95F512567E040005BA5DB /* Sources */ = {
			isa = PBXSourcesBuildPhase;
			buildActionMask = 2147483647;
			files = (
				70F95F5A2567E040005BA5DB /* SmileTests.swift in Sources */,
			);
			runOnlyForDeploymentPostprocessing = 0;
		};
		70F95F5C2567E040005BA5DB /* Sources */ = {
			isa = PBXSourcesBuildPhase;
			buildActionMask = 2147483647;
			files = (
				70F95F652567E040005BA5DB /* SmileUITests.swift in Sources */,
			);
			runOnlyForDeploymentPostprocessing = 0;
		};
/* End PBXSourcesBuildPhase section */

/* Begin PBXTargetDependency section */
		70F95F572567E040005BA5DB /* PBXTargetDependency */ = {
			isa = PBXTargetDependency;
			target = 70F95F3E2567E03E005BA5DB /* Smile */;
			targetProxy = 70F95F562567E040005BA5DB /* PBXContainerItemProxy */;
		};
		70F95F622567E040005BA5DB /* PBXTargetDependency */ = {
			isa = PBXTargetDependency;
			target = 70F95F3E2567E03E005BA5DB /* Smile */;
			targetProxy = 70F95F612567E040005BA5DB /* PBXContainerItemProxy */;
		};
/* End PBXTargetDependency section */

/* Begin PBXVariantGroup section */
		70F95F482567E03E005BA5DB /* Main.storyboard */ = {
			isa = PBXVariantGroup;
			children = (
				70F95F492567E03E005BA5DB /* Base */,
			);
			name = Main.storyboard;
			sourceTree = "<group>";
		};
		70F95F4D2567E040005BA5DB /* LaunchScreen.storyboard */ = {
			isa = PBXVariantGroup;
			children = (
				70F95F4E2567E040005BA5DB /* Base */,
			);
			name = LaunchScreen.storyboard;
			sourceTree = "<group>";
		};
/* End PBXVariantGroup section */

/* Begin XCBuildConfiguration section */
		70F95F672567E040005BA5DB /* Debug */ = {
			isa = XCBuildConfiguration;
			buildSettings = {
				ALWAYS_SEARCH_USER_PATHS = NO;
				CLANG_ANALYZER_NONNULL = YES;
				CLANG_ANALYZER_NUMBER_OBJECT_CONVERSION = YES_AGGRESSIVE;
				CLANG_CXX_LANGUAGE_STANDARD = "gnu++14";
				CLANG_CXX_LIBRARY = "libc++";
				CLANG_ENABLE_MODULES = YES;
				CLANG_ENABLE_OBJC_ARC = YES;
				CLANG_ENABLE_OBJC_WEAK = YES;
				CLANG_WARN_BLOCK_CAPTURE_AUTORELEASING = YES;
				CLANG_WARN_BOOL_CONVERSION = YES;
				CLANG_WARN_COMMA = YES;
				CLANG_WARN_CONSTANT_CONVERSION = YES;
				CLANG_WARN_DEPRECATED_OBJC_IMPLEMENTATIONS = YES;
				CLANG_WARN_DIRECT_OBJC_ISA_USAGE = YES_ERROR;
				CLANG_WARN_DOCUMENTATION_COMMENTS = YES;
				CLANG_WARN_EMPTY_BODY = YES;
				CLANG_WARN_ENUM_CONVERSION = YES;
				CLANG_WARN_INFINITE_RECURSION = YES;
				CLANG_WARN_INT_CONVERSION = YES;
				CLANG_WARN_NON_LITERAL_NULL_CONVERSION = YES;
				CLANG_WARN_OBJC_IMPLICIT_RETAIN_SELF = YES;
				CLANG_WARN_OBJC_LITERAL_CONVERSION = YES;
				CLANG_WARN_OBJC_ROOT_CLASS = YES_ERROR;
				CLANG_WARN_QUOTED_INCLUDE_IN_FRAMEWORK_HEADER = YES;
				CLANG_WARN_RANGE_LOOP_ANALYSIS = YES;
				CLANG_WARN_STRICT_PROTOTYPES = YES;
				CLANG_WARN_SUSPICIOUS_MOVE = YES;
				CLANG_WARN_UNGUARDED_AVAILABILITY = YES_AGGRESSIVE;
				CLANG_WARN_UNREACHABLE_CODE = YES;
				CLANG_WARN__DUPLICATE_METHOD_MATCH = YES;
				COPY_PHASE_STRIP = NO;
				DEBUG_INFORMATION_FORMAT = dwarf;
				ENABLE_STRICT_OBJC_MSGSEND = YES;
				ENABLE_TESTABILITY = YES;
				GCC_C_LANGUAGE_STANDARD = gnu11;
				GCC_DYNAMIC_NO_PIC = NO;
				GCC_NO_COMMON_BLOCKS = YES;
				GCC_OPTIMIZATION_LEVEL = 0;
				GCC_PREPROCESSOR_DEFINITIONS = (
					"DEBUG=1",
					"$(inherited)",
				);
				GCC_WARN_64_TO_32_BIT_CONVERSION = YES;
				GCC_WARN_ABOUT_RETURN_TYPE = YES_ERROR;
				GCC_WARN_UNDECLARED_SELECTOR = YES;
				GCC_WARN_UNINITIALIZED_AUTOS = YES_AGGRESSIVE;
				GCC_WARN_UNUSED_FUNCTION = YES;
				GCC_WARN_UNUSED_VARIABLE = YES;
				IPHONEOS_DEPLOYMENT_TARGET = 14.3;
				MTL_ENABLE_DEBUG_INFO = INCLUDE_SOURCE;
				MTL_FAST_MATH = YES;
				ONLY_ACTIVE_ARCH = YES;
				SDKROOT = iphoneos;
				SWIFT_ACTIVE_COMPILATION_CONDITIONS = DEBUG;
				SWIFT_OPTIMIZATION_LEVEL = "-Onone";
			};
			name = Debug;
		};
		70F95F682567E040005BA5DB /* Release */ = {
			isa = XCBuildConfiguration;
			buildSettings = {
				ALWAYS_SEARCH_USER_PATHS = NO;
				CLANG_ANALYZER_NONNULL = YES;
				CLANG_ANALYZER_NUMBER_OBJECT_CONVERSION = YES_AGGRESSIVE;
				CLANG_CXX_LANGUAGE_STANDARD = "gnu++14";
				CLANG_CXX_LIBRARY = "libc++";
				CLANG_ENABLE_MODULES = YES;
				CLANG_ENABLE_OBJC_ARC = YES;
				CLANG_ENABLE_OBJC_WEAK = YES;
				CLANG_WARN_BLOCK_CAPTURE_AUTORELEASING = YES;
				CLANG_WARN_BOOL_CONVERSION = YES;
				CLANG_WARN_COMMA = YES;
				CLANG_WARN_CONSTANT_CONVERSION = YES;
				CLANG_WARN_DEPRECATED_OBJC_IMPLEMENTATIONS = YES;
				CLANG_WARN_DIRECT_OBJC_ISA_USAGE = YES_ERROR;
				CLANG_WARN_DOCUMENTATION_COMMENTS = YES;
				CLANG_WARN_EMPTY_BODY = YES;
				CLANG_WARN_ENUM_CONVERSION = YES;
				CLANG_WARN_INFINITE_RECURSION = YES;
				CLANG_WARN_INT_CONVERSION = YES;
				CLANG_WARN_NON_LITERAL_NULL_CONVERSION = YES;
				CLANG_WARN_OBJC_IMPLICIT_RETAIN_SELF = YES;
				CLANG_WARN_OBJC_LITERAL_CONVERSION = YES;
				CLANG_WARN_OBJC_ROOT_CLASS = YES_ERROR;
				CLANG_WARN_QUOTED_INCLUDE_IN_FRAMEWORK_HEADER = YES;
				CLANG_WARN_RANGE_LOOP_ANALYSIS = YES;
				CLANG_WARN_STRICT_PROTOTYPES = YES;
				CLANG_WARN_SUSPICIOUS_MOVE = YES;
				CLANG_WARN_UNGUARDED_AVAILABILITY = YES_AGGRESSIVE;
				CLANG_WARN_UNREACHABLE_CODE = YES;
				CLANG_WARN__DUPLICATE_METHOD_MATCH = YES;
				COPY_PHASE_STRIP = NO;
				DEBUG_INFORMATION_FORMAT = "dwarf-with-dsym";
				ENABLE_NS_ASSERTIONS = NO;
				ENABLE_STRICT_OBJC_MSGSEND = YES;
				GCC_C_LANGUAGE_STANDARD = gnu11;
				GCC_NO_COMMON_BLOCKS = YES;
				GCC_WARN_64_TO_32_BIT_CONVERSION = YES;
				GCC_WARN_ABOUT_RETURN_TYPE = YES_ERROR;
				GCC_WARN_UNDECLARED_SELECTOR = YES;
				GCC_WARN_UNINITIALIZED_AUTOS = YES_AGGRESSIVE;
				GCC_WARN_UNUSED_FUNCTION = YES;
				GCC_WARN_UNUSED_VARIABLE = YES;
				IPHONEOS_DEPLOYMENT_TARGET = 14.3;
				MTL_ENABLE_DEBUG_INFO = NO;
				MTL_FAST_MATH = YES;
				SDKROOT = iphoneos;
				SWIFT_COMPILATION_MODE = wholemodule;
				SWIFT_OPTIMIZATION_LEVEL = "-O";
				VALIDATE_PRODUCT = YES;
			};
			name = Release;
		};
		70F95F6A2567E040005BA5DB /* Debug */ = {
			isa = XCBuildConfiguration;
			buildSettings = {
				ASSETCATALOG_COMPILER_APPICON_NAME = AppIcon;
				ASSETCATALOG_COMPILER_GLOBAL_ACCENT_COLOR_NAME = AccentColor;
				CODE_SIGN_STYLE = Automatic;
				DEVELOPMENT_TEAM = C7UJQJ2BAR;
				INFOPLIST_FILE = Smile/Info.plist;
				LD_RUNPATH_SEARCH_PATHS = (
					"$(inherited)",
					"@executable_path/Frameworks",
				);
				PRODUCT_BUNDLE_IDENTIFIER = com.furkanhanci.Smile;
				PRODUCT_NAME = "$(TARGET_NAME)";
				SWIFT_VERSION = 5.0;
				TARGETED_DEVICE_FAMILY = "1,2";
			};
			name = Debug;
		};
		70F95F6B2567E040005BA5DB /* Release */ = {
			isa = XCBuildConfiguration;
			buildSettings = {
				ASSETCATALOG_COMPILER_APPICON_NAME = AppIcon;
				ASSETCATALOG_COMPILER_GLOBAL_ACCENT_COLOR_NAME = AccentColor;
				CODE_SIGN_STYLE = Automatic;
				DEVELOPMENT_TEAM = C7UJQJ2BAR;
				INFOPLIST_FILE = Smile/Info.plist;
				LD_RUNPATH_SEARCH_PATHS = (
					"$(inherited)",
					"@executable_path/Frameworks",
				);
				PRODUCT_BUNDLE_IDENTIFIER = com.furkanhanci.Smile;
				PRODUCT_NAME = "$(TARGET_NAME)";
				SWIFT_VERSION = 5.0;
				TARGETED_DEVICE_FAMILY = "1,2";
			};
			name = Release;
		};
		70F95F6D2567E040005BA5DB /* Debug */ = {
			isa = XCBuildConfiguration;
			buildSettings = {
				ALWAYS_EMBED_SWIFT_STANDARD_LIBRARIES = YES;
				BUNDLE_LOADER = "$(TEST_HOST)";
				CODE_SIGN_STYLE = Automatic;
				DEVELOPMENT_TEAM = C7UJQJ2BAR;
				INFOPLIST_FILE = SmileTests/Info.plist;
				IPHONEOS_DEPLOYMENT_TARGET = 14.3;
				LD_RUNPATH_SEARCH_PATHS = (
					"$(inherited)",
					"@executable_path/Frameworks",
					"@loader_path/Frameworks",
				);
				PRODUCT_BUNDLE_IDENTIFIER = com.furkanhanci.SmileTests;
				PRODUCT_NAME = "$(TARGET_NAME)";
				SWIFT_VERSION = 5.0;
				TARGETED_DEVICE_FAMILY = "1,2";
				TEST_HOST = "$(BUILT_PRODUCTS_DIR)/Smile.app/Smile";
			};
			name = Debug;
		};
		70F95F6E2567E040005BA5DB /* Release */ = {
			isa = XCBuildConfiguration;
			buildSettings = {
				ALWAYS_EMBED_SWIFT_STANDARD_LIBRARIES = YES;
				BUNDLE_LOADER = "$(TEST_HOST)";
				CODE_SIGN_STYLE = Automatic;
				DEVELOPMENT_TEAM = C7UJQJ2BAR;
				INFOPLIST_FILE = SmileTests/Info.plist;
				IPHONEOS_DEPLOYMENT_TARGET = 14.3;
				LD_RUNPATH_SEARCH_PATHS = (
					"$(inherited)",
					"@executable_path/Frameworks",
					"@loader_path/Frameworks",
				);
				PRODUCT_BUNDLE_IDENTIFIER = com.furkanhanci.SmileTests;
				PRODUCT_NAME = "$(TARGET_NAME)";
				SWIFT_VERSION = 5.0;
				TARGETED_DEVICE_FAMILY = "1,2";
				TEST_HOST = "$(BUILT_PRODUCTS_DIR)/Smile.app/Smile";
			};
			name = Release;
		};
		70F95F702567E040005BA5DB /* Debug */ = {
			isa = XCBuildConfiguration;
			buildSettings = {
				ALWAYS_EMBED_SWIFT_STANDARD_LIBRARIES = YES;
				CODE_SIGN_STYLE = Automatic;
				DEVELOPMENT_TEAM = C7UJQJ2BAR;
				INFOPLIST_FILE = SmileUITests/Info.plist;
				LD_RUNPATH_SEARCH_PATHS = (
					"$(inherited)",
					"@executable_path/Frameworks",
					"@loader_path/Frameworks",
				);
				PRODUCT_BUNDLE_IDENTIFIER = com.furkanhanci.SmileUITests;
				PRODUCT_NAME = "$(TARGET_NAME)";
				SWIFT_VERSION = 5.0;
				TARGETED_DEVICE_FAMILY = "1,2";
				TEST_TARGET_NAME = Smile;
			};
			name = Debug;
		};
		70F95F712567E040005BA5DB /* Release */ = {
			isa = XCBuildConfiguration;
			buildSettings = {
				ALWAYS_EMBED_SWIFT_STANDARD_LIBRARIES = YES;
				CODE_SIGN_STYLE = Automatic;
				DEVELOPMENT_TEAM = C7UJQJ2BAR;
				INFOPLIST_FILE = SmileUITests/Info.plist;
				LD_RUNPATH_SEARCH_PATHS = (
					"$(inherited)",
					"@executable_path/Frameworks",
					"@loader_path/Frameworks",
				);
				PRODUCT_BUNDLE_IDENTIFIER = com.furkanhanci.SmileUITests;
				PRODUCT_NAME = "$(TARGET_NAME)";
				SWIFT_VERSION = 5.0;
				TARGETED_DEVICE_FAMILY = "1,2";
				TEST_TARGET_NAME = Smile;
			};
			name = Release;
		};
/* End XCBuildConfiguration section */

/* Begin XCConfigurationList section */
		70F95F3A2567E03E005BA5DB /* Build configuration list for PBXProject "Smile" */ = {
			isa = XCConfigurationList;
			buildConfigurations = (
				70F95F672567E040005BA5DB /* Debug */,
				70F95F682567E040005BA5DB /* Release */,
			);
			defaultConfigurationIsVisible = 0;
			defaultConfigurationName = Release;
		};
		70F95F692567E040005BA5DB /* Build configuration list for PBXNativeTarget "Smile" */ = {
			isa = XCConfigurationList;
			buildConfigurations = (
				70F95F6A2567E040005BA5DB /* Debug */,
				70F95F6B2567E040005BA5DB /* Release */,
			);
			defaultConfigurationIsVisible = 0;
			defaultConfigurationName = Release;
		};
		70F95F6C2567E040005BA5DB /* Build configuration list for PBXNativeTarget "SmileTests" */ = {
			isa = XCConfigurationList;
			buildConfigurations = (
				70F95F6D2567E040005BA5DB /* Debug */,
				70F95F6E2567E040005BA5DB /* Release */,
			);
			defaultConfigurationIsVisible = 0;
			defaultConfigurationName = Release;
		};
		70F95F6F2567E040005BA5DB /* Build configuration list for PBXNativeTarget "SmileUITests" */ = {
			isa = XCConfigurationList;
			buildConfigurations = (
				70F95F702567E040005BA5DB /* Debug */,
				70F95F712567E040005BA5DB /* Release */,
			);
			defaultConfigurationIsVisible = 0;
			defaultConfigurationName = Release;
		};
/* End XCConfigurationList section */
	};
	rootObject = 70F95F372567E03E005BA5DB /* Project object */;
}
